
Microsoft Visual Studio Solution File, Format Version 12.00
# Visual Studio Version 17
VisualStudioVersion = 17.0.31903.59
MinimumVisualStudioVersion = 10.0.40219.1
Project("{9A19103F-16F7-4668-BE54-9A1E7A4F7556}") = "Rolfin.Blazor.FluentValidation", "src\Rolfin.Blazor.FluentValidation\Rolfin.Blazor.FluentValidation.csproj", "{4E0EDAA1-7604-45C8-8A8F-6581CBC7ED9B}"
EndProject
Project("{FAE04EC0-301F-11D3-BF4B-00C04F79EFBC}") = "Rolfin.Blazor.Web", "src\Rolfin.Blazor.Web\Rolfin.Blazor.Web.csproj", "{DD30FDA6-82CE-4DE6-8765-563EE2CCBFD9}"
EndProject
Global
	GlobalSection(SolutionConfigurationPlatforms) = preSolution
		Debug|Any CPU = Debug|Any CPU
		Release|Any CPU = Release|Any CPU
	EndGlobalSection
	GlobalSection(ProjectConfigurationPlatforms) = postSolution
		{4E0EDAA1-7604-45C8-8A8F-6581CBC7ED9B}.Debug|Any CPU.ActiveCfg = Debug|Any CPU
		{4E0EDAA1-7604-45C8-8A8F-6581CBC7ED9B}.Debug|Any CPU.Build.0 = Debug|Any CPU
		{4E0EDAA1-7604-45C8-8A8F-6581CBC7ED9B}.Release|Any CPU.ActiveCfg = Release|Any CPU
		{4E0EDAA1-7604-45C8-8A8F-6581CBC7ED9B}.Release|Any CPU.Build.0 = Release|Any CPU
		{DD30FDA6-82CE-4DE6-8765-563EE2CCBFD9}.Debug|Any CPU.ActiveCfg = Debug|Any CPU
		{DD30FDA6-82CE-4DE6-8765-563EE2CCBFD9}.Debug|Any CPU.Build.0 = Debug|Any CPU
		{DD30FDA6-82CE-4DE6-8765-563EE2CCBFD9}.Release|Any CPU.ActiveCfg = Release|Any CPU
		{DD30FDA6-82CE-4DE6-8765-563EE2CCBFD9}.Release|Any CPU.Build.0 = Release|Any CPU
	EndGlobalSection
	GlobalSection(SolutionProperties) = preSolution
		HideSolutionNode = FALSE
	EndGlobalSection
	GlobalSection(ExtensibilityGlobals) = postSolution
		SolutionGuid = {03070306-EC01-4CAD-A20C-FAF682C10EC5}
	EndGlobalSection
EndGlobal
